
Microsoft Visual Studio Solution File, Format Version 12.00
# Visual Studio Version 16
VisualStudioVersion = 16.0.29418.71
MinimumVisualStudioVersion = 10.0.40219.1
Project("{FAE04EC0-301F-11D3-BF4B-00C04F79EFBC}") = "BooklListRazor", "BooklListRazor\BooklListRazor.csproj", "{B8CED26A-7F0B-42EF-B1E4-DE943A5AA8C0}"
EndProject
Global
	GlobalSection(SolutionConfigurationPlatforms) = preSolution
		Debug|Any CPU = Debug|Any CPU
		Release|Any CPU = Release|Any CPU
	EndGlobalSection
	GlobalSection(ProjectConfigurationPlatforms) = postSolution
		{B8CED26A-7F0B-42EF-B1E4-DE943A5AA8C0}.Debug|Any CPU.ActiveCfg = Debug|Any CPU
		{B8CED26A-7F0B-42EF-B1E4-DE943A5AA8C0}.Debug|Any CPU.Build.0 = Debug|Any CPU
		{B8CED26A-7F0B-42EF-B1E4-DE943A5AA8C0}.Release|Any CPU.ActiveCfg = Release|Any CPU
		{B8CED26A-7F0B-42EF-B1E4-DE943A5AA8C0}.Release|Any CPU.Build.0 = Release|Any CPU
	EndGlobalSection
	GlobalSection(SolutionProperties) = preSolution
		HideSolutionNode = FALSE
	EndGlobalSection
	GlobalSection(ExtensibilityGlobals) = postSolution
		SolutionGuid = {5AD94528-A86A-48CE-B4AB-ED175836D20C}
	EndGlobalSection
EndGlobal
